
Microsoft Visual Studio Solution File, Format Version 12.00
# Visual Studio Version 17
VisualStudioVersion = 17.2.32630.192
MinimumVisualStudioVersion = 10.0.40219.1
Project("{8BC9CEB8-8B4A-11D0-8D11-00A0C91BC942}") = "NumberCubed", "NumberCubed\NumberCubed.vcxproj", "{C96CD4C4-0492-48E6-B247-8CCF5DA51A53}"
EndProject
Global
	GlobalSection(SolutionConfigurationPlatforms) = preSolution
		Debug|x64 = Debug|x64
		Debug|x86 = Debug|x86
		Release|x64 = Release|x64
		Release|x86 = Release|x86
	EndGlobalSection
	GlobalSection(ProjectConfigurationPlatforms) = postSolution
		{C96CD4C4-0492-48E6-B247-8CCF5DA51A53}.Debug|x64.ActiveCfg = Debug|x64
		{C96CD4C4-0492-48E6-B247-8CCF5DA51A53}.Debug|x64.Build.0 = Debug|x64
		{C96CD4C4-0492-48E6-B247-8CCF5DA51A53}.Debug|x86.ActiveCfg = Debug|Win32
		{C96CD4C4-0492-48E6-B247-8CCF5DA51A53}.Debug|x86.Build.0 = Debug|Win32
		{C96CD4C4-0492-48E6-B247-8CCF5DA51A53}.Release|x64.ActiveCfg = Release|x64
		{C96CD4C4-0492-48E6-B247-8CCF5DA51A53}.Release|x64.Build.0 = Release|x64
		{C96CD4C4-0492-48E6-B247-8CCF5DA51A53}.Release|x86.ActiveCfg = Release|Win32
		{C96CD4C4-0492-48E6-B247-8CCF5DA51A53}.Release|x86.Build.0 = Release|Win32
	EndGlobalSection
	GlobalSection(SolutionProperties) = preSolution
		HideSolutionNode = FALSE
	EndGlobalSection
	GlobalSection(ExtensibilityGlobals) = postSolution
		SolutionGuid = {A036A0FB-9BBF-4FBD-9C61-F82AE702495F}
	EndGlobalSection
EndGlobal
